PODS:
  - Flutter (1.0.0)
  - integration_test (0.0.1):
    - Flutter
  - mmc_sbp (0.0.1):
    - Flutter

DEPENDENCIES:
  - Flutter (from `Flutter`)
  - integration_test (from `.symlinks/plugins/integration_test/ios`)
  - mmc_sbp (from `.symlinks/plugins/mmc_sbp/ios`)

EXTERNAL SOURCES:
  Flutter:
    :path: Flutter
  integration_test:
    :path: ".symlinks/plugins/integration_test/ios"
  mmc_sbp:
    :path: ".symlinks/plugins/mmc_sbp/ios"

SPEC CHECKSUMS:
  Flutter: f04841e97a9d0b0a8025694d0796dd46242b2854
  integration_test: 13825b8a9334a850581300559b8839134b124670
  mmc_sbp: 844d0f21e01d1281f1683179fb06ad06115856d2

PODFILE CHECKSUM: 02caaa843f6501172c0d470d80e72f61175c8b93

COCOAPODS: 1.15.2
